// !$*UTF8*$!
{
	archiveVersion = 1;
	classes = {
	};
	objectVersion = 46;
	objects = {

/* Begin PBXBuildFile section */
		3841DA4B1B94118400FA064D /* AppDelegate.swift in Sources */ = {isa = PBXBuildFile; fileRef = 3841DA4A1B94118400FA064D /* AppDelegate.swift */; };
		3841DA4D1B94118500FA064D /* ViewController.swift in Sources */ = {isa = PBXBuildFile; fileRef = 3841DA4C1B94118500FA064D /* ViewController.swift */; };
		3841DA501B94118500FA064D /* Main.storyboard in Resources */ = {isa = PBXBuildFile; fileRef = 3841DA4E1B94118500FA064D /* Main.storyboard */; };
		3841DA521B94118500FA064D /* Images.xcassets in Resources */ = {isa = PBXBuildFile; fileRef = 3841DA511B94118500FA064D /* Images.xcassets */; };
		3841DA551B94118500FA064D /* LaunchScreen.xib in Resources */ = {isa = PBXBuildFile; fileRef = 3841DA531B94118500FA064D /* LaunchScreen.xib */; };
		3841DA611B94118500FA064D /* Downloading_web_contentTests.swift in Sources */ = {isa = PBXBuildFile; fileRef = 3841DA601B94118500FA064D /* Downloading_web_contentTests.swift */; };
/* End PBXBuildFile section */

/* Begin PBXContainerItemProxy section */
		3841DA5B1B94118500FA064D /* PBXContainerItemProxy */ = {
			isa = PBXContainerItemProxy;
			containerPortal = 3841DA3D1B94118400FA064D /* Project object */;
			proxyType = 1;
			remoteGlobalIDString = 3841DA441B94118400FA064D;
			remoteInfo = "Downloading web content";
		};
/* End PBXContainerItemProxy section */

/* Begin PBXFileReference section */
		3841DA451B94118400FA064D /* Downloading web content.app */ = {isa = PBXFileReference; explicitFileType = wrapper.application; includeInIndex = 0; path = "Downloading web content.app"; sourceTree = BUILT_PRODUCTS_DIR; };
		3841DA491B94118400FA064D /* Info.plist */ = {isa = PBXFileReference; lastKnownFileType = text.plist.xml; path = Info.plist; sourceTree = "<group>"; };
		3841DA4A1B94118400FA064D /* AppDelegate.swift */ = {isa = PBXFileReference; lastKnownFileType = sourcecode.swift; path = AppDelegate.swift; sourceTree = "<group>"; };
		3841DA4C1B94118500FA064D /* ViewController.swift */ = {isa = PBXFileReference; lastKnownFileType = sourcecode.swift; path = ViewController.swift; sourceTree = "<group>"; };
		3841DA4F1B94118500FA064D /* Base */ = {isa = PBXFileReference; lastKnownFileType = file.storyboard; name = Base; path = Base.lproj/Main.storyboard; sourceTree = "<group>"; };
		3841DA511B94118500FA064D /* Images.xcassets */ = {isa = PBXFileReference; lastKnownFileType = folder.assetcatalog; path = Images.xcassets; sourceTree = "<group>"; };
		3841DA541B94118500FA064D /* Base */ = {isa = PBXFileReference; lastKnownFileType = file.xib; name = Base; path = Base.lproj/LaunchScreen.xib; sourceTree = "<group>"; };
		3841DA5A1B94118500FA064D /* Downloading web contentTests.xctest */ = {isa = PBXFileReference; explicitFileType = wrapper.cfbundle; includeInIndex = 0; path = "Downloading web contentTests.xctest"; sourceTree = BUILT_PRODUCTS_DIR; };
		3841DA5F1B94118500FA064D /* Info.plist */ = {isa = PBXFileReference; lastKnownFileType = text.plist.xml; path = Info.plist; sourceTree = "<group>"; };
		3841DA601B94118500FA064D /* Downloading_web_contentTests.swift */ = {isa = PBXFileReference; lastKnownFileType = sourcecode.swift; path = Downloading_web_contentTests.swift; sourceTree = "<group>"; };
/* End PBXFileReference section */

/* Begin PBXFrameworksBuildPhase section */
		3841DA421B94118400FA064D /* Frameworks */ = {
			isa = PBXFrameworksBuildPhase;
			buildActionMask = 2147483647;
			files = (
			);
			runOnlyForDeploymentPostprocessing = 0;
		};
		3841DA571B94118500FA064D /* Frameworks */ = {
			isa = PBXFrameworksBuildPhase;
			buildActionMask = 2147483647;
			files = (
			);
			runOnlyForDeploymentPostprocessing = 0;
		};
/* End PBXFrameworksBuildPhase section */

/* Begin PBXGroup section */
		3841DA3C1B94118400FA064D = {
			isa = PBXGroup;
			children = (
				3841DA471B94118400FA064D /* Downloading web content */,
				3841DA5D1B94118500FA064D /* Downloading web contentTests */,
				3841DA461B94118400FA064D /* Products */,
			);
			sourceTree = "<group>";
		};
		3841DA461B94118400FA064D /* Products */ = {
			isa = PBXGroup;
			children = (
				3841DA451B94118400FA064D /* Downloading web content.app */,
				3841DA5A1B94118500FA064D /* Downloading web contentTests.xctest */,
			);
			name = Products;
			sourceTree = "<group>";
		};
		3841DA471B94118400FA064D /* Downloading web content */ = {
			isa = PBXGroup;
			children = (
				3841DA4A1B94118400FA064D /* AppDelegate.swift */,
				3841DA4C1B94118500FA064D /* ViewController.swift */,
				3841DA4E1B94118500FA064D /* Main.storyboard */,
				3841DA511B94118500FA064D /* Images.xcassets */,
				3841DA531B94118500FA064D /* LaunchScreen.xib */,
				3841DA481B94118400FA064D /* Supporting Files */,
			);
			path = "Downloading web content";
			sourceTree = "<group>";
		};
		3841DA481B94118400FA064D /* Supporting Files */ = {
			isa = PBXGroup;
			children = (
				3841DA491B94118400FA064D /* Info.plist */,
			);
			name = "Supporting Files";
			sourceTree = "<group>";
		};
		3841DA5D1B94118500FA064D /* Downloading web contentTests */ = {
			isa = PBXGroup;
			children = (
				3841DA601B94118500FA064D /* Downloading_web_contentTests.swift */,
				3841DA5E1B94118500FA064D /* Supporting Files */,
			);
			path = "Downloading web contentTests";
			sourceTree = "<group>";
		};
		3841DA5E1B94118500FA064D /* Supporting Files */ = {
			isa = PBXGroup;
			children = (
				3841DA5F1B94118500FA064D /* Info.plist */,
			);
			name = "Supporting Files";
			sourceTree = "<group>";
		};
/* End PBXGroup section */

/* Begin PBXNativeTarget section */
		3841DA441B94118400FA064D /* Downloading web content */ = {
			isa = PBXNativeTarget;
			buildConfigurationList = 3841DA641B94118500FA064D /* Build configuration list for PBXNativeTarget "Downloading web content" */;
			buildPhases = (
				3841DA411B94118400FA064D /* Sources */,
				3841DA421B94118400FA064D /* Frameworks */,
				3841DA431B94118400FA064D /* Resources */,
			);
			buildRules = (
			);
			dependencies = (
			);
			name = "Downloading web content";
			productName = "Downloading web content";
			productReference = 3841DA451B94118400FA064D /* Downloading web content.app */;
			productType = "com.apple.product-type.application";
		};
		3841DA591B94118500FA064D /* Downloading web contentTests */ = {
			isa = PBXNativeTarget;
			buildConfigurationList = 3841DA671B94118500FA064D /* Build configuration list for PBXNativeTarget "Downloading web contentTests" */;
			buildPhases = (
				3841DA561B94118500FA064D /* Sources */,
				3841DA571B94118500FA064D /* Frameworks */,
				3841DA581B94118500FA064D /* Resources */,
			);
			buildRules = (
			);
			dependencies = (
				3841DA5C1B94118500FA064D /* PBXTargetDependency */,
			);
			name = "Downloading web contentTests";
			productName = "Downloading web contentTests";
			productReference = 3841DA5A1B94118500FA064D /* Downloading web contentTests.xctest */;
			productType = "com.apple.product-type.bundle.unit-test";
		};
/* End PBXNativeTarget section */

/* Begin PBXProject section */
		3841DA3D1B94118400FA064D /* Project object */ = {
			isa = PBXProject;
			attributes = {
				LastUpgradeCheck = 0640;
				ORGANIZATIONNAME = "Julio Ahuactzin";
				TargetAttributes = {
					3841DA441B94118400FA064D = {
						CreatedOnToolsVersion = 6.4;
					};
					3841DA591B94118500FA064D = {
						CreatedOnToolsVersion = 6.4;
						TestTargetID = 3841DA441B94118400FA064D;
					};
				};
			};
			buildConfigurationList = 3841DA401B94118400FA064D /* Build configuration list for PBXProject "Downloading web content" */;
			compatibilityVersion = "Xcode 3.2";
			developmentRegion = English;
			hasScannedForEncodings = 0;
			knownRegions = (
				en,
				Base,
			);
			mainGroup = 3841DA3C1B94118400FA064D;
			productRefGroup = 3841DA461B94118400FA064D /* Products */;
			projectDirPath = "";
			projectRoot = "";
			targets = (
				3841DA441B94118400FA064D /* Downloading web content */,
				3841DA591B94118500FA064D /* Downloading web contentTests */,
			);
		};
/* End PBXProject section */

/* Begin PBXResourcesBuildPhase section */
		3841DA431B94118400FA064D /* Resources */ = {
			isa = PBXResourcesBuildPhase;
			buildActionMask = 2147483647;
			files = (
				3841DA501B94118500FA064D /* Main.storyboard in Resources */,
				3841DA551B94118500FA064D /* LaunchScreen.xib in Resources */,
				3841DA521B94118500FA064D /* Images.xcassets in Resources */,
			);
			runOnlyForDeploymentPostprocessing = 0;
		};
		3841DA581B94118500FA064D /* Resources */ = {
			isa = PBXResourcesBuildPhase;
			buildActionMask = 2147483647;
			files = (
			);
			runOnlyForDeploymentPostprocessing = 0;
		};
/* End PBXResourcesBuildPhase section */

/* Begin PBXSourcesBuildPhase section */
		3841DA411B94118400FA064D /* Sources */ = {
			isa = PBXSourcesBuildPhase;
			buildActionMask = 2147483647;
			files = (
				3841DA4D1B94118500FA064D /* ViewController.swift in Sources */,
				3841DA4B1B94118400FA064D /* AppDelegate.swift in Sources */,
			);
			runOnlyForDeploymentPostprocessing = 0;
		};
		3841DA561B94118500FA064D /* Sources */ = {
			isa = PBXSourcesBuildPhase;
			buildActionMask = 2147483647;
			files = (
				3841DA611B94118500FA064D /* Downloading_web_contentTests.swift in Sources */,
			);
			runOnlyForDeploymentPostprocessing = 0;
		};
/* End PBXSourcesBuildPhase section */

/* Begin PBXTargetDependency section */
		3841DA5C1B94118500FA064D /* PBXTargetDependency */ = {
			isa = PBXTargetDependency;
			target = 3841DA441B94118400FA064D /* Downloading web content */;
			targetProxy = 3841DA5B1B94118500FA064D /* PBXContainerItemProxy */;
		};
/* End PBXTargetDependency section */

/* Begin PBXVariantGroup section */
		3841DA4E1B94118500FA064D /* Main.storyboard */ = {
			isa = PBXVariantGroup;
			children = (
				3841DA4F1B94118500FA064D /* Base */,
			);
			name = Main.storyboard;
			sourceTree = "<group>";
		};
		3841DA531B94118500FA064D /* LaunchScreen.xib */ = {
			isa = PBXVariantGroup;
			children = (
				3841DA541B94118500FA064D /* Base */,
			);
			name = LaunchScreen.xib;
			sourceTree = "<group>";
		};
/* End PBXVariantGroup section */

/* Begin XCBuildConfiguration section */
		3841DA621B94118500FA064D /* Debug */ = {
			isa = XCBuildConfiguration;
			buildSettings = {
				ALWAYS_SEARCH_USER_PATHS = NO;
				CLANG_CXX_LANGUAGE_STANDARD = "gnu++0x";
				CLANG_CXX_LIBRARY = "libc++";
				CLANG_ENABLE_MODULES = YES;
				CLANG_ENABLE_OBJC_ARC = YES;
				CLANG_WARN_BOOL_CONVERSION = YES;
				CLANG_WARN_CONSTANT_CONVERSION = YES;
				CLANG_WARN_DIRECT_OBJC_ISA_USAGE = YES_ERROR;
				CLANG_WARN_EMPTY_BODY = YES;
				CLANG_WARN_ENUM_CONVERSION = YES;
				CLANG_WARN_INT_CONVERSION = YES;
				CLANG_WARN_OBJC_ROOT_CLASS = YES_ERROR;
				CLANG_WARN_UNREACHABLE_CODE = YES;
				CLANG_WARN__DUPLICATE_METHOD_MATCH = YES;
				"CODE_SIGN_IDENTITY[sdk=iphoneos*]" = "iPhone Developer";
				COPY_PHASE_STRIP = NO;
				DEBUG_INFORMATION_FORMAT = "dwarf-with-dsym";
				ENABLE_STRICT_OBJC_MSGSEND = YES;
				GCC_C_LANGUAGE_STANDARD = gnu99;
				GCC_DYNAMIC_NO_PIC = NO;
				GCC_NO_COMMON_BLOCKS = YES;
				GCC_OPTIMIZATION_LEVEL = 0;
				GCC_PREPROCESSOR_DEFINITIONS = (
					"DEBUG=1",
					"$(inherited)",
				);
				GCC_SYMBOLS_PRIVATE_EXTERN = NO;
				GCC_WARN_64_TO_32_BIT_CONVERSION = YES;
				GCC_WARN_ABOUT_RETURN_TYPE = YES_ERROR;
				GCC_WARN_UNDECLARED_SELECTOR = YES;
				GCC_WARN_UNINITIALIZED_AUTOS = YES_AGGRESSIVE;
				GCC_WARN_UNUSED_FUNCTION = YES;
				GCC_WARN_UNUSED_VARIABLE = YES;
				IPHONEOS_DEPLOYMENT_TARGET = 8.4;
				MTL_ENABLE_DEBUG_INFO = YES;
				ONLY_ACTIVE_ARCH = YES;
				SDKROOT = iphoneos;
				SWIFT_OPTIMIZATION_LEVEL = "-Onone";
			};
			name = Debug;
		};
		3841DA631B94118500FA064D /* Release */ = {
			isa = XCBuildConfiguration;
			buildSettings = {
				ALWAYS_SEARCH_USER_PATHS = NO;
				CLANG_CXX_LANGUAGE_STANDARD = "gnu++0x";
				CLANG_CXX_LIBRARY = "libc++";
				CLANG_ENABLE_MODULES = YES;
				CLANG_ENABLE_OBJC_ARC = YES;
				CLANG_WARN_BOOL_CONVERSION = YES;
				CLANG_WARN_CONSTANT_CONVERSION = YES;
				CLANG_WARN_DIRECT_OBJC_ISA_USAGE = YES_ERROR;
				CLANG_WARN_EMPTY_BODY = YES;
				CLANG_WARN_ENUM_CONVERSION = YES;
				CLANG_WARN_INT_CONVERSION = YES;
				CLANG_WARN_OBJC_ROOT_CLASS = YES_ERROR;
				CLANG_WARN_UNREACHABLE_CODE = YES;
				CLANG_WARN__DUPLICATE_METHOD_MATCH = YES;
				"CODE_SIGN_IDENTITY[sdk=iphoneos*]" = "iPhone Developer";
				COPY_PHASE_STRIP = NO;
				DEBUG_INFORMATION_FORMAT = "dwarf-with-dsym";
				ENABLE_NS_ASSERTIONS = NO;
				ENABLE_STRICT_OBJC_MSGSEND = YES;
				GCC_C_LANGUAGE_STANDARD = gnu99;
				GCC_NO_COMMON_BLOCKS = YES;
				GCC_WARN_64_TO_32_BIT_CONVERSION = YES;
				GCC_WARN_ABOUT_RETURN_TYPE = YES_ERROR;
				GCC_WARN_UNDECLARED_SELECTOR = YES;
				GCC_WARN_UNINITIALIZED_AUTOS = YES_AGGRESSIVE;
				GCC_WARN_UNUSED_FUNCTION = YES;
				GCC_WARN_UNUSED_VARIABLE = YES;
				IPHONEOS_DEPLOYMENT_TARGET = 8.4;
				MTL_ENABLE_DEBUG_INFO = NO;
				SDKROOT = iphoneos;
				VALIDATE_PRODUCT = YES;
			};
			name = Release;
		};
		3841DA651B94118500FA064D /* Debug */ = {
			isa = XCBuildConfiguration;
			buildSettings = {
				ASSETCATALOG_COMPILER_APPICON_NAME = AppIcon;
				INFOPLIST_FILE = "Downloading web content/Info.plist";
				LD_RUNPATH_SEARCH_PATHS = "$(inherited) @executable_path/Frameworks";
				PRODUCT_NAME = "$(TARGET_NAME)";
			};
			name = Debug;
		};
		3841DA661B94118500FA064D /* Release */ = {
			isa = XCBuildConfiguration;
			buildSettings = {
				ASSETCATALOG_COMPILER_APPICON_NAME = AppIcon;
				INFOPLIST_FILE = "Downloading web content/Info.plist";
				LD_RUNPATH_SEARCH_PATHS = "$(inherited) @executable_path/Frameworks";
				PRODUCT_NAME = "$(TARGET_NAME)";
			};
			name = Release;
		};
		3841DA681B94118500FA064D /* Debug */ = {
			isa = XCBuildConfiguration;
			buildSettings = {
				BUNDLE_LOADER = "$(TEST_HOST)";
				FRAMEWORK_SEARCH_PATHS = (
					"$(SDKROOT)/Developer/Library/Frameworks",
					"$(inherited)",
				);
				GCC_PREPROCESSOR_DEFINITIONS = (
					"DEBUG=1",
					"$(inherited)",
				);
				INFOPLIST_FILE = "Downloading web contentTests/Info.plist";
				LD_RUNPATH_SEARCH_PATHS = "$(inherited) @executable_path/Frameworks @loader_path/Frameworks";
				PRODUCT_NAME = "$(TARGET_NAME)";
				TEST_HOST = "$(BUILT_PRODUCTS_DIR)/Downloading web content.app/Downloading web content";
			};
			name = Debug;
		};
		3841DA691B94118500FA064D /* Release */ = {
			isa = XCBuildConfiguration;
			buildSettings = {
				BUNDLE_LOADER = "$(TEST_HOST)";
				FRAMEWORK_SEARCH_PATHS = (
					"$(SDKROOT)/Developer/Library/Frameworks",
					"$(inherited)",
				);
				INFOPLIST_FILE = "Downloading web contentTests/Info.plist";
				LD_RUNPATH_SEARCH_PATHS = "$(inherited) @executable_path/Frameworks @loader_path/Frameworks";
				PRODUCT_NAME = "$(TARGET_NAME)";
				TEST_HOST = "$(BUILT_PRODUCTS_DIR)/Downloading web content.app/Downloading web content";
			};
			name = Release;
		};
/* End XCBuildConfiguration section */

/* Begin XCConfigurationList section */
		3841DA401B94118400FA064D /* Build configuration list for PBXProject "Downloading web content" */ = {
			isa = XCConfigurationList;
			buildConfigurations = (
				3841DA621B94118500FA064D /* Debug */,
				3841DA631B94118500FA064D /* Release */,
			);
			defaultConfigurationIsVisible = 0;
			defaultConfigurationName = Release;
		};
		3841DA641B94118500FA064D /* Build configuration list for PBXNativeTarget "Downloading web content" */ = {
			isa = XCConfigurationList;
			buildConfigurations = (
				3841DA651B94118500FA064D /* Debug */,
				3841DA661B94118500FA064D /* Release */,
			);
			defaultConfigurationIsVisible = 0;
		};
		3841DA671B94118500FA064D /* Build configuration list for PBXNativeTarget "Downloading web contentTests" */ = {
			isa = XCConfigurationList;
			buildConfigurations = (
				3841DA681B94118500FA064D /* Debug */,
				3841DA691B94118500FA064D /* Release */,
			);
			defaultConfigurationIsVisible = 0;
		};
/* End XCConfigurationList section */
	};
	rootObject = 3841DA3D1B94118400FA064D /* Project object */;
}
